lockfileVersion: '9.0'

settings:
  autoInstallPeers: true
  excludeLinksFromLockfile: false

importers:

  .:
    dependencies:
      '@elevenlabs/elevenlabs-js':
        specifier: ^2.49.1
        version: 2.49.1
      '@huggingface/inference':
        specifier: ^4.13.18
        version: 4.13.18
      '@openrouter/sdk':
        specifier: ^0.12.35
        version: 0.12.35
      dotenv:
        specifier: ^17.4.2
        version: 17.4.2
      openai:
        specifier: ^6.39.0
        version: 6.39.0(ws@8.21.0)(zod@4.4.3)

packages:

  '@elevenlabs/elevenlabs-js@2.49.1':
    resolution: {integrity: sha512-ctwKJaF+ZU3auuuVQK/UBYz5Qev1pqDrnV+BktM+vRvtyt9s1vJvHydCODuj9/uObp8BST2+a5/zu1uShd+ryQ==}
    engines: {node: '>=18.0.0'}

  '@huggingface/inference@4.13.18':
    resolution: {integrity: sha512-n0dP3FhmIqJoLU5yGoG6lBZVW50+IgeLDubLL1P28zG4Adp2rhKYQGt5j52JCwlmKDf2ruWjuIcfrjkobT0RlQ==}
    engines: {node: '>=18'}

  '@huggingface/jinja@0.5.9':
    resolution: {integrity: sha512-uWTG+l3VJRsl7EXxYizuL3P+cCPoc3cRqbWWRcQN0FhejRfbdq0RNhCmbY/YDtnTcz9icdLYuLDjsnz4d8JMuw==}
    engines: {node: '>=18'}

  '@huggingface/tasks@0.21.2':
    resolution: {integrity: sha512-e8dw3tZ7mbZ/mytr9zIFmsr67tMpd9rm/pURCi5ciFqlVvLvdH9FjnoZxVO4KfRXyqzPeV0shXv9z5s2M8Msmw==}

  '@openrouter/sdk@0.12.35':
    resolution: {integrity: sha512-s4QVLLnG1AmfW3TjnnHUqGfsCkzwVK+kboGcZmKbde09m1DPqgzl4RUFt/HJ5v97MX8aEaN0UG3mKv2S+qj2Gw==}

  command-exists@1.2.9:
    resolution: {integrity: sha512-LTQ/SGc+s0Xc0Fu5WaKnR0YiygZkm9eKFvyS+fRsU7/ZWFF8ykFM6Pc9aCVf1+xasOOZpO3BAVgVrKvsqKHV7w==}

  dotenv@17.4.2:
    resolution: {integrity: sha512-nI4U3TottKAcAD9LLud4Cb7b2QztQMUEfHbvhTH09bqXTxnSie8WnjPALV/WMCrJZ6UV/qHJ6L03OqO3LcdYZw==}
    engines: {node: '>=12'}

  node-fetch@2.7.0:
    resolution: {integrity: sha512-c4FRfUm/dbcWZ7U+1Wq0AwCyFL+3nt2bEw05wfxSz+DWpWsitgmSgYmy2dQdWyKC1694ELPqMs/YzUSNozLt8A==}
    engines: {node: 4.x || >=6.0.0}
    peerDependencies:
      encoding: ^0.1.0
    peerDependenciesMeta:
      encoding:
        optional: true

  openai@6.39.0:
    resolution: {integrity: sha512-O61LIsimY3acVabwvomwFhwrnN36yvHY2quIfy9keEcFytGgWeV35yLHQ6NVMLSBxRpHmcg2yuhCnlu2HT4pLQ==}
    hasBin: true
    peerDependencies:
      ws: ^8.18.0
      zod: ^3.25 || ^4.0
    peerDependenciesMeta:
      ws:
        optional: true
      zod:
        optional: true

  tr46@0.0.3:
    resolution: {integrity: sha512-N3WMsuqV66lT30CrXNbEjx4GEwlow3v6rr4mCcv6prnfwhS01rkgyFdjPNBYd9br7LpXV1+Emh01fHnq2Gdgrw==}

  webidl-conversions@3.0.1:
    resolution: {integrity: sha512-2JAn3z8AR6rjK8Sm8orRC0h/bcl/DqL7tRPdGZ4I1CjdF+EaMLmYxBHyXuKL849eucPFhvBoxMsflfOb8kxaeQ==}

  whatwg-url@5.0.0:
    resolution: {integrity: sha512-saE57nupxk6v3HY35+jzBwYa0rKSy0XR8JSxZPwgLr7ys0IBzhGviA1/TUGJLmSVqs8pb9AnvICXEuOHLprYTw==}

  ws@8.21.0:
    resolution: {integrity: sha512-Vsp28b7DRcimFQvrqu2Wek3z1iYxDCWqHYB8Qsnk/S4RfaCQzPGPyBNuVjJV3cd6UiKtUtp6sNM77gWvzcCH+g==}
    engines: {node: '>=10.0.0'}
    peerDependencies:
      bufferutil: ^4.0.1
      utf-8-validate: '>=5.0.2'
    peerDependenciesMeta:
      bufferutil:
        optional: true
      utf-8-validate:
        optional: true

  zod@4.4.3:
    resolution: {integrity: sha512-ytENFjIJFl2UwYglde2jchW2Hwm4GJFLDiSXWdTrJQBIN9Fcyp7n4DhxJEiWNAJMV1/BqWfW/kkg71UDcHJyTQ==}

snapshots:

  '@elevenlabs/elevenlabs-js@2.49.1':
    dependencies:
      command-exists: 1.2.9
      node-fetch: 2.7.0
      ws: 8.21.0
    transitivePeerDependencies:
      - bufferutil
      - encoding
      - utf-8-validate

  '@huggingface/inference@4.13.18':
    dependencies:
      '@huggingface/jinja': 0.5.9
      '@huggingface/tasks': 0.21.2

  '@huggingface/jinja@0.5.9': {}

  '@huggingface/tasks@0.21.2': {}

  '@openrouter/sdk@0.12.35':
    dependencies:
      zod: 4.4.3

  command-exists@1.2.9: {}

  dotenv@17.4.2: {}

  node-fetch@2.7.0:
    dependencies:
      whatwg-url: 5.0.0

  openai@6.39.0(ws@8.21.0)(zod@4.4.3):
    optionalDependencies:
      ws: 8.21.0
      zod: 4.4.3

  tr46@0.0.3: {}

  webidl-conversions@3.0.1: {}

  whatwg-url@5.0.0:
    dependencies:
      tr46: 0.0.3
      webidl-conversions: 3.0.1

  ws@8.21.0: {}

  zod@4.4.3: {}
